<Solution>
  <Folder Name="/src/">
    <Project Path="src/Jones.Audio/Jones.Audio.csproj" />
    <Project Path="src/Jones.Core/Jones.Core.csproj" />
    <Project Path="src/Jones.Harness/Jones.Harness.csproj" />
    <Project Path="src/Jones.Net/Jones.Net.csproj" />
    <Project Path="src/Jones.Tests/Jones.Tests.csproj" />
  </Folder>
  <Folder Name="/src/Jones.App/">
    <Project Path="src/Jones.App/Jones.App.Android/Jones.App.Android.csproj" />
    <Project Path="src/Jones.App/Jones.App.Desktop/Jones.App.Desktop.csproj" />
    <Project Path="src/Jones.App/Jones.App/Jones.App.csproj" />
  </Folder>
</Solution>
